// !$*UTF8*$!
{
	archiveVersion = 1;
	classes = {
	};
	objectVersion = 46;
	objects = {

/* Begin PBXBuildFile section */
		DA30D2B11EB834E800D6ACAF /* SettingsNavigationController.swift in Sources */ = {isa = PBXBuildFile; fileRef = DA30D2B01EB834E800D6ACAF /* SettingsNavigationController.swift */; };
		DA30D2B31EB8350D00D6ACAF /* SettingsTableViewController.swift in Sources */ = {isa = PBXBuildFile; fileRef = DA30D2B21EB8350D00D6ACAF /* SettingsTableViewController.swift */; };
		DA30D2B51EB8364200D6ACAF /* SettingTypeTableViewController.swift in Sources */ = {isa = PBXBuildFile; fileRef = DA30D2B41EB8364200D6ACAF /* SettingTypeTableViewController.swift */; };
		DA30D2B71EB8370D00D6ACAF /* SettingDetailsViewController.swift in Sources */ = {isa = PBXBuildFile; fileRef = DA30D2B61EB8370D00D6ACAF /* SettingDetailsViewController.swift */; };
		DA30D2CF1EB890EA00D6ACAF /* Icon-App-20x20@1x.png in Resources */ = {isa = PBXBuildFile; fileRef = DA30D2B91EB890EA00D6ACAF /* Icon-App-20x20@1x.png */; };
		DA30D2D01EB890EA00D6ACAF /* Icon-App-20x20@2x.png in Resources */ = {isa = PBXBuildFile; fileRef = DA30D2BA1EB890EA00D6ACAF /* Icon-App-20x20@2x.png */; };
		DA30D2D11EB890EA00D6ACAF /* Icon-App-20x20@3x.png in Resources */ = {isa = PBXBuildFile; fileRef = DA30D2BB1EB890EA00D6ACAF /* Icon-App-20x20@3x.png */; };
		DA30D2D21EB890EA00D6ACAF /* Icon-App-29x29@1x.png in Resources */ = {isa = PBXBuildFile; fileRef = DA30D2BC1EB890EA00D6ACAF /* Icon-App-29x29@1x.png */; };
		DA30D2D31EB890EA00D6ACAF /* Icon-App-29x29@2x.png in Resources */ = {isa = PBXBuildFile; fileRef = DA30D2BD1EB890EA00D6ACAF /* Icon-App-29x29@2x.png */; };
		DA30D2D41EB890EA00D6ACAF /* Icon-App-29x29@3x.png in Resources */ = {isa = PBXBuildFile; fileRef = DA30D2BE1EB890EA00D6ACAF /* Icon-App-29x29@3x.png */; };
		DA30D2D51EB890EA00D6ACAF /* Icon-App-40x40@1x.png in Resources */ = {isa = PBXBuildFile; fileRef = DA30D2BF1EB890EA00D6ACAF /* Icon-App-40x40@1x.png */; };
		DA30D2D61EB890EA00D6ACAF /* Icon-App-40x40@2x.png in Resources */ = {isa = PBXBuildFile; fileRef = DA30D2C01EB890EA00D6ACAF /* Icon-App-40x40@2x.png */; };
		DA30D2D71EB890EA00D6ACAF /* Icon-App-40x40@3x.png in Resources */ = {isa = PBXBuildFile; fileRef = DA30D2C11EB890EA00D6ACAF /* Icon-App-40x40@3x.png */; };
		DA30D2D81EB890EA00D6ACAF /* Icon-App-57x57@1x.png in Resources */ = {isa = PBXBuildFile; fileRef = DA30D2C21EB890EA00D6ACAF /* Icon-App-57x57@1x.png */; };
		DA30D2D91EB890EA00D6ACAF /* Icon-App-57x57@2x.png in Resources */ = {isa = PBXBuildFile; fileRef = DA30D2C31EB890EA00D6ACAF /* Icon-App-57x57@2x.png */; };
		DA30D2DA1EB890EA00D6ACAF /* Icon-App-60x60@1x.png in Resources */ = {isa = PBXBuildFile; fileRef = DA30D2C41EB890EA00D6ACAF /* Icon-App-60x60@1x.png */; };
		DA30D2DB1EB890EA00D6ACAF /* Icon-App-60x60@2x.png in Resources */ = {isa = PBXBuildFile; fileRef = DA30D2C51EB890EA00D6ACAF /* Icon-App-60x60@2x.png */; };
		DA30D2DC1EB890EA00D6ACAF /* Icon-App-60x60@3x.png in Resources */ = {isa = PBXBuildFile; fileRef = DA30D2C61EB890EA00D6ACAF /* Icon-App-60x60@3x.png */; };
		DA30D2DD1EB890EA00D6ACAF /* Icon-App-72x72@1x.png in Resources */ = {isa = PBXBuildFile; fileRef = DA30D2C71EB890EA00D6ACAF /* Icon-App-72x72@1x.png */; };
		DA30D2DE1EB890EA00D6ACAF /* Icon-App-72x72@2x.png in Resources */ = {isa = PBXBuildFile; fileRef = DA30D2C81EB890EA00D6ACAF /* Icon-App-72x72@2x.png */; };
		DA30D2DF1EB890EA00D6ACAF /* Icon-App-76x76@1x.png in Resources */ = {isa = PBXBuildFile; fileRef = DA30D2C91EB890EA00D6ACAF /* Icon-App-76x76@1x.png */; };
		DA30D2E01EB890EA00D6ACAF /* Icon-App-76x76@2x.png in Resources */ = {isa = PBXBuildFile; fileRef = DA30D2CA1EB890EA00D6ACAF /* Icon-App-76x76@2x.png */; };
		DA30D2E11EB890EA00D6ACAF /* Icon-App-76x76@3x.png in Resources */ = {isa = PBXBuildFile; fileRef = DA30D2CB1EB890EA00D6ACAF /* Icon-App-76x76@3x.png */; };
		DA30D2E21EB890EA00D6ACAF /* Icon-App-83.5x83.5@2x.png in Resources */ = {isa = PBXBuildFile; fileRef = DA30D2CC1EB890EA00D6ACAF /* Icon-App-83.5x83.5@2x.png */; };
		DA30D2E31EB890EA00D6ACAF /* Icon-Small-50x50@1x.png in Resources */ = {isa = PBXBuildFile; fileRef = DA30D2CD1EB890EA00D6ACAF /* Icon-Small-50x50@1x.png */; };
		DA30D2E41EB890EA00D6ACAF /* Icon-Small-50x50@2x.png in Resources */ = {isa = PBXBuildFile; fileRef = DA30D2CE1EB890EA00D6ACAF /* Icon-Small-50x50@2x.png */; };
		DA30D2E81EB890F700D6ACAF /* iTunesArtwork@1x.png in Resources */ = {isa = PBXBuildFile; fileRef = DA30D2E51EB890F700D6ACAF /* iTunesArtwork@1x.png */; };
		DA30D2E91EB890F700D6ACAF /* iTunesArtwork@2x.png in Resources */ = {isa = PBXBuildFile; fileRef = DA30D2E61EB890F700D6ACAF /* iTunesArtwork@2x.png */; };
		DA30D2EA1EB890F700D6ACAF /* iTunesArtwork@3x.png in Resources */ = {isa = PBXBuildFile; fileRef = DA30D2E71EB890F700D6ACAF /* iTunesArtwork@3x.png */; };
		DA823FF81EB97E2C00AB818C /* ID Verified.png in Resources */ = {isa = PBXBuildFile; fileRef = DA823FF21EB97E2C00AB818C /* ID Verified.png */; };
		DA823FF91EB97E2C00AB818C /* ID Verified Filled.png in Resources */ = {isa = PBXBuildFile; fileRef = DA823FF31EB97E2C00AB818C /* ID Verified Filled.png */; };
		DA823FFA1EB97E2C00AB818C /* Conference.png in Resources */ = {isa = PBXBuildFile; fileRef = DA823FF41EB97E2C00AB818C /* Conference.png */; };
		DA823FFB1EB97E2C00AB818C /* Conference Filled.png in Resources */ = {isa = PBXBuildFile; fileRef = DA823FF51EB97E2C00AB818C /* Conference Filled.png */; };
		DA823FFC1EB97E2C00AB818C /* Settings.png in Resources */ = {isa = PBXBuildFile; fileRef = DA823FF61EB97E2C00AB818C /* Settings.png */; };
		DA823FFD1EB97E2C00AB818C /* Settings Filled.png in Resources */ = {isa = PBXBuildFile; fileRef = DA823FF71EB97E2C00AB818C /* Settings Filled.png */; };
		DA9403A51EB1F46100092DCC /* PersonListNavigationController.swift in Sources */ = {isa = PBXBuildFile; fileRef = DA9403A41EB1F46100092DCC /* PersonListNavigationController.swift */; };
		DA9403A71EB1F4ED00092DCC /* PersonListTableViewController.swift in Sources */ = {isa = PBXBuildFile; fileRef = DA9403A61EB1F4ED00092DCC /* PersonListTableViewController.swift */; };
		DA9403A91EB1F53500092DCC /* PersonListDetailViewController.swift in Sources */ = {isa = PBXBuildFile; fileRef = DA9403A81EB1F53500092DCC /* PersonListDetailViewController.swift */; };
		DAD7522E1EADAA7D0018FA60 /* AppDelegate.swift in Sources */ = {isa = PBXBuildFile; fileRef = DAD7522D1EADAA7D0018FA60 /* AppDelegate.swift */; };
		DAD752351EADAA7D0018FA60 /* Main.storyboard in Resources */ = {isa = PBXBuildFile; fileRef = DAD752331EADAA7D0018FA60 /* Main.storyboard */; };
		DAD752371EADAA7D0018FA60 /* Assets.xcassets in Resources */ = {isa = PBXBuildFile; fileRef = DAD752361EADAA7D0018FA60 /* Assets.xcassets */; };
		DAD7523A1EADAA7D0018FA60 /* LaunchScreen.storyboard in Resources */ = {isa = PBXBuildFile; fileRef = DAD752381EADAA7D0018FA60 /* LaunchScreen.storyboard */; };
		DAD752451EADAA7D0018FA60 /* FireWardenTests.swift in Sources */ = {isa = PBXBuildFile; fileRef = DAD752441EADAA7D0018FA60 /* FireWardenTests.swift */; };
		DAD752501EADAA7D0018FA60 /* FireWardenUITests.swift in Sources */ = {isa = PBXBuildFile; fileRef = DAD7524F1EADAA7D0018FA60 /* FireWardenUITests.swift */; };
		DAFCD3421EB0718B0055DAD5 /* LocalAuthentication.framework in Frameworks */ = {isa = PBXBuildFile; fileRef = DAFCD3411EB0718B0055DAD5 /* LocalAuthentication.framework */; };
		DAFCD3451EB073160055DAD5 /* LoginViewController.swift in Sources */ = {isa = PBXBuildFile; fileRef = DAFCD3441EB073160055DAD5 /* LoginViewController.swift */; };
		DAFCD3471EB081E00055DAD5 /* RegisterNavigationController.swift in Sources */ = {isa = PBXBuildFile; fileRef = DAFCD3461EB081E00055DAD5 /* RegisterNavigationController.swift */; };
		DAFCD34A1EB082390055DAD5 /* RegisterTableViewController.swift in Sources */ = {isa = PBXBuildFile; fileRef = DAFCD3491EB082390055DAD5 /* RegisterTableViewController.swift */; };
		DAFCD34C1EB0838B0055DAD5 /* PersonRegistrationTableViewController.swift in Sources */ = {isa = PBXBuildFile; fileRef = DAFCD34B1EB0838B0055DAD5 /* PersonRegistrationTableViewController.swift */; };
		DAFCD3501EB098060055DAD5 /* Fingerprint.png in Resources */ = {isa = PBXBuildFile; fileRef = DAFCD34E1EB098060055DAD5 /* Fingerprint.png */; };
		DAFCD3511EB098060055DAD5 /* FireWarden.jpg in Resources */ = {isa = PBXBuildFile; fileRef = DAFCD34F1EB098060055DAD5 /* FireWarden.jpg */; };
/* End PBXBuildFile section */

/* Begin PBXContainerItemProxy section */
		DAD752411EADAA7D0018FA60 /* PBXContainerItemProxy */ = {
			isa = PBXContainerItemProxy;
			containerPortal = DAD752221EADAA7C0018FA60 /* Project object */;
			proxyType = 1;
			remoteGlobalIDString = DAD752291EADAA7C0018FA60;
			remoteInfo = FireWarden;
		};
		DAD7524C1EADAA7D0018FA60 /* PBXContainerItemProxy */ = {
			isa = PBXContainerItemProxy;
			containerPortal = DAD752221EADAA7C0018FA60 /* Project object */;
			proxyType = 1;
			remoteGlobalIDString = DAD752291EADAA7C0018FA60;
			remoteInfo = FireWarden;
		};
/* End PBXContainerItemProxy section */

/* Begin PBXFileReference section */
		DA30D2B01EB834E800D6ACAF /* SettingsNavigationController.swift */ = {isa = PBXFileReference; fileEncoding = 4; lastKnownFileType = sourcecode.swift; path = SettingsNavigationController.swift; sourceTree = "<group>"; };
		DA30D2B21EB8350D00D6ACAF /* SettingsTableViewController.swift */ = {isa = PBXFileReference; fileEncoding = 4; lastKnownFileType = sourcecode.swift; path = SettingsTableViewController.swift; sourceTree = "<group>"; };
		DA30D2B41EB8364200D6ACAF /* SettingTypeTableViewController.swift */ = {isa = PBXFileReference; fileEncoding = 4; lastKnownFileType = sourcecode.swift; path = SettingTypeTableViewController.swift; sourceTree = "<group>"; };
		DA30D2B61EB8370D00D6ACAF /* SettingDetailsViewController.swift */ = {isa = PBXFileReference; fileEncoding = 4; lastKnownFileType = sourcecode.swift; path = SettingDetailsViewController.swift; sourceTree = "<group>"; };
		DA30D2B91EB890EA00D6ACAF /* Icon-App-20x20@1x.png */ = {isa = PBXFileReference; lastKnownFileType = image.png; path = "Icon-App-20x20@1x.png"; sourceTree = "<group>"; };
		DA30D2BA1EB890EA00D6ACAF /* Icon-App-20x20@2x.png */ = {isa = PBXFileReference; lastKnownFileType = image.png; path = "Icon-App-20x20@2x.png"; sourceTree = "<group>"; };
		DA30D2BB1EB890EA00D6ACAF /* Icon-App-20x20@3x.png */ = {isa = PBXFileReference; lastKnownFileType = image.png; path = "Icon-App-20x20@3x.png"; sourceTree = "<group>"; };
		DA30D2BC1EB890EA00D6ACAF /* Icon-App-29x29@1x.png */ = {isa = PBXFileReference; lastKnownFileType = image.png; path = "Icon-App-29x29@1x.png"; sourceTree = "<group>"; };
		DA30D2BD1EB890EA00D6ACAF /* Icon-App-29x29@2x.png */ = {isa = PBXFileReference; lastKnownFileType = image.png; path = "Icon-App-29x29@2x.png"; sourceTree = "<group>"; };
		DA30D2BE1EB890EA00D6ACAF /* Icon-App-29x29@3x.png */ = {isa = PBXFileReference; lastKnownFileType = image.png; path = "Icon-App-29x29@3x.png"; sourceTree = "<group>"; };
		DA30D2BF1EB890EA00D6ACAF /* Icon-App-40x40@1x.png */ = {isa = PBXFileReference; lastKnownFileType = image.png; path = "Icon-App-40x40@1x.png"; sourceTree = "<group>"; };
		DA30D2C01EB890EA00D6ACAF /* Icon-App-40x40@2x.png */ = {isa = PBXFileReference; lastKnownFileType = image.png; path = "Icon-App-40x40@2x.png"; sourceTree = "<group>"; };
		DA30D2C11EB890EA00D6ACAF /* Icon-App-40x40@3x.png */ = {isa = PBXFileReference; lastKnownFileType = image.png; path = "Icon-App-40x40@3x.png"; sourceTree = "<group>"; };
		DA30D2C21EB890EA00D6ACAF /* Icon-App-57x57@1x.png */ = {isa = PBXFileReference; lastKnownFileType = image.png; path = "Icon-App-57x57@1x.png"; sourceTree = "<group>"; };
		DA30D2C31EB890EA00D6ACAF /* Icon-App-57x57@2x.png */ = {isa = PBXFileReference; lastKnownFileType = image.png; path = "Icon-App-57x57@2x.png"; sourceTree = "<group>"; };
		DA30D2C41EB890EA00D6ACAF /* Icon-App-60x60@1x.png */ = {isa = PBXFileReference; lastKnownFileType = image.png; path = "Icon-App-60x60@1x.png"; sourceTree = "<group>"; };
		DA30D2C51EB890EA00D6ACAF /* Icon-App-60x60@2x.png */ = {isa = PBXFileReference; lastKnownFileType = image.png; path = "Icon-App-60x60@2x.png"; sourceTree = "<group>"; };
		DA30D2C61EB890EA00D6ACAF /* Icon-App-60x60@3x.png */ = {isa = PBXFileReference; lastKnownFileType = image.png; path = "Icon-App-60x60@3x.png"; sourceTree = "<group>"; };
		DA30D2C71EB890EA00D6ACAF /* Icon-App-72x72@1x.png */ = {isa = PBXFileReference; lastKnownFileType = image.png; path = "Icon-App-72x72@1x.png"; sourceTree = "<group>"; };
		DA30D2C81EB890EA00D6ACAF /* Icon-App-72x72@2x.png */ = {isa = PBXFileReference; lastKnownFileType = image.png; path = "Icon-App-72x72@2x.png"; sourceTree = "<group>"; };
		DA30D2C91EB890EA00D6ACAF /* Icon-App-76x76@1x.png */ = {isa = PBXFileReference; lastKnownFileType = image.png; path = "Icon-App-76x76@1x.png"; sourceTree = "<group>"; };
		DA30D2CA1EB890EA00D6ACAF /* Icon-App-76x76@2x.png */ = {isa = PBXFileReference; lastKnownFileType = image.png; path = "Icon-App-76x76@2x.png"; sourceTree = "<group>"; };
		DA30D2CB1EB890EA00D6ACAF /* Icon-App-76x76@3x.png */ = {isa = PBXFileReference; lastKnownFileType = image.png; path = "Icon-App-76x76@3x.png"; sourceTree = "<group>"; };
		DA30D2CC1EB890EA00D6ACAF /* Icon-App-83.5x83.5@2x.png */ = {isa = PBXFileReference; lastKnownFileType = image.png; path = "Icon-App-83.5x83.5@2x.png"; sourceTree = "<group>"; };
		DA30D2CD1EB890EA00D6ACAF /* Icon-Small-50x50@1x.png */ = {isa = PBXFileReference; lastKnownFileType = image.png; path = "Icon-Small-50x50@1x.png"; sourceTree = "<group>"; };
		DA30D2CE1EB890EA00D6ACAF /* Icon-Small-50x50@2x.png */ = {isa = PBXFileReference; lastKnownFileType = image.png; path = "Icon-Small-50x50@2x.png"; sourceTree = "<group>"; };
		DA30D2E51EB890F700D6ACAF /* iTunesArtwork@1x.png */ = {isa = PBXFileReference; lastKnownFileType = image.png; path = "iTunesArtwork@1x.png"; sourceTree = "<group>"; };
		DA30D2E61EB890F700D6ACAF /* iTunesArtwork@2x.png */ = {isa = PBXFileReference; lastKnownFileType = image.png; path = "iTunesArtwork@2x.png"; sourceTree = "<group>"; };
		DA30D2E71EB890F700D6ACAF /* iTunesArtwork@3x.png */ = {isa = PBXFileReference; lastKnownFileType = image.png; path = "iTunesArtwork@3x.png"; sourceTree = "<group>"; };
		DA823FF21EB97E2C00AB818C /* ID Verified.png */ = {isa = PBXFileReference; lastKnownFileType = image.png; path = "ID Verified.png"; sourceTree = "<group>"; };
		DA823FF31EB97E2C00AB818C /* ID Verified Filled.png */ = {isa = PBXFileReference; lastKnownFileType = image.png; path = "ID Verified Filled.png"; sourceTree = "<group>"; };
		DA823FF41EB97E2C00AB818C /* Conference.png */ = {isa = PBXFileReference; lastKnownFileType = image.png; path = Conference.png; sourceTree = "<group>"; };
		DA823FF51EB97E2C00AB818C /* Conference Filled.png */ = {isa = PBXFileReference; lastKnownFileType = image.png; path = "Conference Filled.png"; sourceTree = "<group>"; };
		DA823FF61EB97E2C00AB818C /* Settings.png */ = {isa = PBXFileReference; lastKnownFileType = image.png; path = Settings.png; sourceTree = "<group>"; };
		DA823FF71EB97E2C00AB818C /* Settings Filled.png */ = {isa = PBXFileReference; lastKnownFileType = image.png; path = "Settings Filled.png"; sourceTree = "<group>"; };
		DA9403A41EB1F46100092DCC /* PersonListNavigationController.swift */ = {isa = PBXFileReference; fileEncoding = 4; lastKnownFileType = sourcecode.swift; path = PersonListNavigationController.swift; sourceTree = "<group>"; };
		DA9403A61EB1F4ED00092DCC /* PersonListTableViewController.swift */ = {isa = PBXFileReference; fileEncoding = 4; lastKnownFileType = sourcecode.swift; path = PersonListTableViewController.swift; sourceTree = "<group>"; };
		DA9403A81EB1F53500092DCC /* PersonListDetailViewController.swift */ = {isa = PBXFileReference; fileEncoding = 4; lastKnownFileType = sourcecode.swift; path = PersonListDetailViewController.swift; sourceTree = "<group>"; };
		DAD7522A1EADAA7C0018FA60 /* FireWarden.app */ = {isa = PBXFileReference; explicitFileType = wrapper.application; includeInIndex = 0; path = FireWarden.app; sourceTree = BUILT_PRODUCTS_DIR; };
		DAD7522D1EADAA7D0018FA60 /* AppDelegate.swift */ = {isa = PBXFileReference; lastKnownFileType = sourcecode.swift; path = AppDelegate.swift; sourceTree = "<group>"; };
		DAD752341EADAA7D0018FA60 /* Base */ = {isa = PBXFileReference; lastKnownFileType = file.storyboard; name = Base; path = Base.lproj/Main.storyboard; sourceTree = "<group>"; };
		DAD752361EADAA7D0018FA60 /* Assets.xcassets */ = {isa = PBXFileReference; lastKnownFileType = folder.assetcatalog; path = Assets.xcassets; sourceTree = "<group>"; };
		DAD752391EADAA7D0018FA60 /* Base */ = {isa = PBXFileReference; lastKnownFileType = file.storyboard; name = Base; path = Base.lproj/LaunchScreen.storyboard; sourceTree = "<group>"; };
		DAD7523B1EADAA7D0018FA60 /* Info.plist */ = {isa = PBXFileReference; lastKnownFileType = text.plist.xml; path = Info.plist; sourceTree = "<group>"; };
		DAD752401EADAA7D0018FA60 /* FireWardenTests.xctest */ = {isa = PBXFileReference; explicitFileType = wrapper.cfbundle; includeInIndex = 0; path = FireWardenTests.xctest; sourceTree = BUILT_PRODUCTS_DIR; };
		DAD752441EADAA7D0018FA60 /* FireWardenTests.swift */ = {isa = PBXFileReference; lastKnownFileType = sourcecode.swift; path = FireWardenTests.swift; sourceTree = "<group>"; };
		DAD752461EADAA7D0018FA60 /* Info.plist */ = {isa = PBXFileReference; lastKnownFileType = text.plist.xml; path = Info.plist; sourceTree = "<group>"; };
		DAD7524B1EADAA7D0018FA60 /* FireWardenUITests.xctest */ = {isa = PBXFileReference; explicitFileType = wrapper.cfbundle; includeInIndex = 0; path = FireWardenUITests.xctest; sourceTree = BUILT_PRODUCTS_DIR; };
		DAD7524F1EADAA7D0018FA60 /* FireWardenUITests.swift */ = {isa = PBXFileReference; lastKnownFileType = sourcecode.swift; path = FireWardenUITests.swift; sourceTree = "<group>"; };
		DAD752511EADAA7D0018FA60 /* Info.plist */ = {isa = PBXFileReference; lastKnownFileType = text.plist.xml; path = Info.plist; sourceTree = "<group>"; };
		DAFCD3411EB0718B0055DAD5 /* LocalAuthentication.framework */ = {isa = PBXFileReference; lastKnownFileType = wrapper.framework; name = LocalAuthentication.framework; path = System/Library/Frameworks/LocalAuthentication.framework; sourceTree = SDKROOT; };
		DAFCD3441EB073160055DAD5 /* LoginViewController.swift */ = {isa = PBXFileReference; fileEncoding = 4; lastKnownFileType = sourcecode.swift; path = LoginViewController.swift; sourceTree = "<group>"; };
		DAFCD3461EB081E00055DAD5 /* RegisterNavigationController.swift */ = {isa = PBXFileReference; fileEncoding = 4; lastKnownFileType = sourcecode.swift; path = RegisterNavigationController.swift; sourceTree = "<group>"; };
		DAFCD3491EB082390055DAD5 /* RegisterTableViewController.swift */ = {isa = PBXFileReference; fileEncoding = 4; lastKnownFileType = sourcecode.swift; path = RegisterTableViewController.swift; sourceTree = "<group>"; };
		DAFCD34B1EB0838B0055DAD5 /* PersonRegistrationTableViewController.swift */ = {isa = PBXFileReference; fileEncoding = 4; lastKnownFileType = sourcecode.swift; path = PersonRegistrationTableViewController.swift; sourceTree = "<group>"; };
		DAFCD34E1EB098060055DAD5 /* Fingerprint.png */ = {isa = PBXFileReference; lastKnownFileType = image.png; name = Fingerprint.png; path = Images/Fingerprint.png; sourceTree = "<group>"; };
		DAFCD34F1EB098060055DAD5 /* FireWarden.jpg */ = {isa = PBXFileReference; lastKnownFileType = image.jpeg; name = FireWarden.jpg; path = Images/FireWarden.jpg; sourceTree = "<group>"; };
/* End PBXFileReference section */

/* Begin PBXFrameworksBuildPhase section */
		DAD752271EADAA7C0018FA60 /* Frameworks */ = {
			isa = PBXFrameworksBuildPhase;
			buildActionMask = 2147483647;
			files = (
				DAFCD3421EB0718B0055DAD5 /* LocalAuthentication.framework in Frameworks */,
			);
			runOnlyForDeploymentPostprocessing = 0;
		};
		DAD7523D1EADAA7D0018FA60 /* Frameworks */ = {
			isa = PBXFrameworksBuildPhase;
			buildActionMask = 2147483647;
			files = (
			);
			runOnlyForDeploymentPostprocessing = 0;
		};
		DAD752481EADAA7D0018FA60 /* Frameworks */ = {
			isa = PBXFrameworksBuildPhase;
			buildActionMask = 2147483647;
			files = (
			);
			runOnlyForDeploymentPostprocessing = 0;
		};
/* End PBXFrameworksBuildPhase section */

/* Begin PBXGroup section */
		DA1130251EC451F7007059C8 /* Classes */ = {
			isa = PBXGroup;
			children = (
			);
			name = Classes;
			sourceTree = "<group>";
		};
		DA30D2B81EB8625200D6ACAF /* Icons */ = {
			isa = PBXGroup;
			children = (
				DA30D2E51EB890F700D6ACAF /* iTunesArtwork@1x.png */,
				DA30D2E61EB890F700D6ACAF /* iTunesArtwork@2x.png */,
				DA30D2E71EB890F700D6ACAF /* iTunesArtwork@3x.png */,
				DA30D2B91EB890EA00D6ACAF /* Icon-App-20x20@1x.png */,
				DA30D2BA1EB890EA00D6ACAF /* Icon-App-20x20@2x.png */,
				DA30D2BB1EB890EA00D6ACAF /* Icon-App-20x20@3x.png */,
				DA30D2BC1EB890EA00D6ACAF /* Icon-App-29x29@1x.png */,
				DA30D2BD1EB890EA00D6ACAF /* Icon-App-29x29@2x.png */,
				DA30D2BE1EB890EA00D6ACAF /* Icon-App-29x29@3x.png */,
				DA30D2BF1EB890EA00D6ACAF /* Icon-App-40x40@1x.png */,
				DA30D2C01EB890EA00D6ACAF /* Icon-App-40x40@2x.png */,
				DA30D2C11EB890EA00D6ACAF /* Icon-App-40x40@3x.png */,
				DA30D2C21EB890EA00D6ACAF /* Icon-App-57x57@1x.png */,
				DA30D2C31EB890EA00D6ACAF /* Icon-App-57x57@2x.png */,
				DA30D2C41EB890EA00D6ACAF /* Icon-App-60x60@1x.png */,
				DA30D2C51EB890EA00D6ACAF /* Icon-App-60x60@2x.png */,
				DA30D2C61EB890EA00D6ACAF /* Icon-App-60x60@3x.png */,
				DA30D2C71EB890EA00D6ACAF /* Icon-App-72x72@1x.png */,
				DA30D2C81EB890EA00D6ACAF /* Icon-App-72x72@2x.png */,
				DA30D2C91EB890EA00D6ACAF /* Icon-App-76x76@1x.png */,
				DA30D2CA1EB890EA00D6ACAF /* Icon-App-76x76@2x.png */,
				DA30D2CB1EB890EA00D6ACAF /* Icon-App-76x76@3x.png */,
				DA30D2CC1EB890EA00D6ACAF /* Icon-App-83.5x83.5@2x.png */,
				DA30D2CD1EB890EA00D6ACAF /* Icon-Small-50x50@1x.png */,
				DA30D2CE1EB890EA00D6ACAF /* Icon-Small-50x50@2x.png */,
			);
			name = Icons;
			sourceTree = "<group>";
		};
		DAD752211EADAA7C0018FA60 = {
			isa = PBXGroup;
			children = (
				DAD7522C1EADAA7C0018FA60 /* FireWarden */,
				DAD752431EADAA7D0018FA60 /* FireWardenTests */,
				DAD7524E1EADAA7D0018FA60 /* FireWardenUITests */,
				DAD7522B1EADAA7C0018FA60 /* Products */,
				DAFCD3401EB0718B0055DAD5 /* Frameworks */,
			);
			sourceTree = "<group>";
		};
		DAD7522B1EADAA7C0018FA60 /* Products */ = {
			isa = PBXGroup;
			children = (
				DAD7522A1EADAA7C0018FA60 /* FireWarden.app */,
				DAD752401EADAA7D0018FA60 /* FireWardenTests.xctest */,
				DAD7524B1EADAA7D0018FA60 /* FireWardenUITests.xctest */,
			);
			name = Products;
			sourceTree = "<group>";
		};
		DAD7522C1EADAA7C0018FA60 /* FireWarden */ = {
			isa = PBXGroup;
			children = (
				DA1130251EC451F7007059C8 /* Classes */,
				DA30D2B81EB8625200D6ACAF /* Icons */,
				DAFCD34D1EB097E80055DAD5 /* Images */,
				DAFCD3431EB072DE0055DAD5 /* ViewControllers */,
				DAD7522D1EADAA7D0018FA60 /* AppDelegate.swift */,
				DAD752331EADAA7D0018FA60 /* Main.storyboard */,
				DAD752361EADAA7D0018FA60 /* Assets.xcassets */,
				DAD752381EADAA7D0018FA60 /* LaunchScreen.storyboard */,
				DAD7523B1EADAA7D0018FA60 /* Info.plist */,
			);
			path = FireWarden;
			sourceTree = "<group>";
		};
		DAD752431EADAA7D0018FA60 /* FireWardenTests */ = {
			isa = PBXGroup;
			children = (
				DAD752441EADAA7D0018FA60 /* FireWardenTests.swift */,
				DAD752461EADAA7D0018FA60 /* Info.plist */,
			);
			path = FireWardenTests;
			sourceTree = "<group>";
		};
		DAD7524E1EADAA7D0018FA60 /* FireWardenUITests */ = {
			isa = PBXGroup;
			children = (
				DAD7524F1EADAA7D0018FA60 /* FireWardenUITests.swift */,
				DAD752511EADAA7D0018FA60 /* Info.plist */,
			);
			path = FireWardenUITests;
			sourceTree = "<group>";
		};
		DAFCD3401EB0718B0055DAD5 /* Frameworks */ = {
			isa = PBXGroup;
			children = (
				DAFCD3411EB0718B0055DAD5 /* LocalAuthentication.framework */,
			);
			name = Frameworks;
			sourceTree = "<group>";
		};
		DAFCD3431EB072DE0055DAD5 /* ViewControllers */ = {
			isa = PBXGroup;
			children = (
				DAFCD3441EB073160055DAD5 /* LoginViewController.swift */,
				DAFCD3461EB081E00055DAD5 /* RegisterNavigationController.swift */,
				DAFCD3491EB082390055DAD5 /* RegisterTableViewController.swift */,
				DAFCD34B1EB0838B0055DAD5 /* PersonRegistrationTableViewController.swift */,
				DA9403A41EB1F46100092DCC /* PersonListNavigationController.swift */,
				DA9403A61EB1F4ED00092DCC /* PersonListTableViewController.swift */,
				DA9403A81EB1F53500092DCC /* PersonListDetailViewController.swift */,
				DA30D2B01EB834E800D6ACAF /* SettingsNavigationController.swift */,
				DA30D2B21EB8350D00D6ACAF /* SettingsTableViewController.swift */,
				DA30D2B41EB8364200D6ACAF /* SettingTypeTableViewController.swift */,
				DA30D2B61EB8370D00D6ACAF /* SettingDetailsViewController.swift */,
			);
			name = ViewControllers;
			sourceTree = "<group>";
		};
		DAFCD34D1EB097E80055DAD5 /* Images */ = {
			isa = PBXGroup;
			children = (
				DA823FF21EB97E2C00AB818C /* ID Verified.png */,
				DA823FF31EB97E2C00AB818C /* ID Verified Filled.png */,
				DA823FF41EB97E2C00AB818C /* Conference.png */,
				DA823FF51EB97E2C00AB818C /* Conference Filled.png */,
				DA823FF61EB97E2C00AB818C /* Settings.png */,
				DA823FF71EB97E2C00AB818C /* Settings Filled.png */,
				DAFCD34E1EB098060055DAD5 /* Fingerprint.png */,
				DAFCD34F1EB098060055DAD5 /* FireWarden.jpg */,
			);
			name = Images;
			sourceTree = "<group>";
		};
/* End PBXGroup section */

/* Begin PBXNativeTarget section */
		DAD752291EADAA7C0018FA60 /* FireWarden */ = {
			isa = PBXNativeTarget;
			buildConfigurationList = DAD752541EADAA7D0018FA60 /* Build configuration list for PBXNativeTarget "FireWarden" */;
			buildPhases = (
				DAD752261EADAA7C0018FA60 /* Sources */,
				DAD752271EADAA7C0018FA60 /* Frameworks */,
				DAD752281EADAA7C0018FA60 /* Resources */,
			);
			buildRules = (
			);
			dependencies = (
			);
			name = FireWarden;
			productName = FireWarden;
			productReference = DAD7522A1EADAA7C0018FA60 /* FireWarden.app */;
			productType = "com.apple.product-type.application";
		};
		DAD7523F1EADAA7D0018FA60 /* FireWardenTests */ = {
			isa = PBXNativeTarget;
			buildConfigurationList = DAD752571EADAA7D0018FA60 /* Build configuration list for PBXNativeTarget "FireWardenTests" */;
			buildPhases = (
				DAD7523C1EADAA7D0018FA60 /* Sources */,
				DAD7523D1EADAA7D0018FA60 /* Frameworks */,
				DAD7523E1EADAA7D0018FA60 /* Resources */,
			);
			buildRules = (
			);
			dependencies = (
				DAD752421EADAA7D0018FA60 /* PBXTargetDependency */,
			);
			name = FireWardenTests;
			productName = FireWardenTests;
			productReference = DAD752401EADAA7D0018FA60 /* FireWardenTests.xctest */;
			productType = "com.apple.product-type.bundle.unit-test";
		};
		DAD7524A1EADAA7D0018FA60 /* FireWardenUITests */ = {
			isa = PBXNativeTarget;
			buildConfigurationList = DAD7525A1EADAA7D0018FA60 /* Build configuration list for PBXNativeTarget "FireWardenUITests" */;
			buildPhases = (
				DAD752471EADAA7D0018FA60 /* Sources */,
				DAD752481EADAA7D0018FA60 /* Frameworks */,
				DAD752491EADAA7D0018FA60 /* Resources */,
			);
			buildRules = (
			);
			dependencies = (
				DAD7524D1EADAA7D0018FA60 /* PBXTargetDependency */,
			);
			name = FireWardenUITests;
			productName = FireWardenUITests;
			productReference = DAD7524B1EADAA7D0018FA60 /* FireWardenUITests.xctest */;
			productType = "com.apple.product-type.bundle.ui-testing";
		};
/* End PBXNativeTarget section */

/* Begin PBXProject section */
		DAD752221EADAA7C0018FA60 /* Project object */ = {
			isa = PBXProject;
			attributes = {
				LastSwiftUpdateCheck = 0820;
				LastUpgradeCheck = 0820;
				ORGANIZATIONNAME = PlanetKGames;
				TargetAttributes = {
					DAD752291EADAA7C0018FA60 = {
						CreatedOnToolsVersion = 8.2.1;
						DevelopmentTeam = 6CGSY8527L;
						ProvisioningStyle = Automatic;
					};
					DAD7523F1EADAA7D0018FA60 = {
						CreatedOnToolsVersion = 8.2.1;
						DevelopmentTeam = 6CGSY8527L;
						ProvisioningStyle = Automatic;
						TestTargetID = DAD752291EADAA7C0018FA60;
					};
					DAD7524A1EADAA7D0018FA60 = {
						CreatedOnToolsVersion = 8.2.1;
						DevelopmentTeam = 6CGSY8527L;
						ProvisioningStyle = Automatic;
						TestTargetID = DAD752291EADAA7C0018FA60;
					};
				};
			};
			buildConfigurationList = DAD752251EADAA7C0018FA60 /* Build configuration list for PBXProject "FireWarden" */;
			compatibilityVersion = "Xcode 3.2";
			developmentRegion = English;
			hasScannedForEncodings = 0;
			knownRegions = (
				en,
				Base,
			);
			mainGroup = DAD752211EADAA7C0018FA60;
			productRefGroup = DAD7522B1EADAA7C0018FA60 /* Products */;
			projectDirPath = "";
			projectRoot = "";
			targets = (
				DAD752291EADAA7C0018FA60 /* FireWarden */,
				DAD7523F1EADAA7D0018FA60 /* FireWardenTests */,
				DAD7524A1EADAA7D0018FA60 /* FireWardenUITests */,
			);
		};
/* End PBXProject section */

/* Begin PBXResourcesBuildPhase section */
		DAD752281EADAA7C0018FA60 /* Resources */ = {
			isa = PBXResourcesBuildPhase;
			buildActionMask = 2147483647;
			files = (
				DA823FFC1EB97E2C00AB818C /* Settings.png in Resources */,
				DA30D2E01EB890EA00D6ACAF /* Icon-App-76x76@2x.png in Resources */,
				DA30D2DB1EB890EA00D6ACAF /* Icon-App-60x60@2x.png in Resources */,
				DA823FFA1EB97E2C00AB818C /* Conference.png in Resources */,
				DA30D2D31EB890EA00D6ACAF /* Icon-App-29x29@2x.png in Resources */,
				DA30D2DA1EB890EA00D6ACAF /* Icon-App-60x60@1x.png in Resources */,
				DA30D2E21EB890EA00D6ACAF /* Icon-App-83.5x83.5@2x.png in Resources */,
				DA823FFD1EB97E2C00AB818C /* Settings Filled.png in Resources */,
				DAFCD3511EB098060055DAD5 /* FireWarden.jpg in Resources */,
				DA30D2D81EB890EA00D6ACAF /* Icon-App-57x57@1x.png in Resources */,
				DA30D2D01EB890EA00D6ACAF /* Icon-App-20x20@2x.png in Resources */,
				DAD7523A1EADAA7D0018FA60 /* LaunchScreen.storyboard in Resources */,
				DA30D2DD1EB890EA00D6ACAF /* Icon-App-72x72@1x.png in Resources */,
				DA30D2E81EB890F700D6ACAF /* iTunesArtwork@1x.png in Resources */,
				DA30D2D41EB890EA00D6ACAF /* Icon-App-29x29@3x.png in Resources */,
				DA30D2DC1EB890EA00D6ACAF /* Icon-App-60x60@3x.png in Resources */,
				DA30D2D91EB890EA00D6ACAF /* Icon-App-57x57@2x.png in Resources */,
				DA30D2D11EB890EA00D6ACAF /* Icon-App-20x20@3x.png in Resources */,
				DA823FF81EB97E2C00AB818C /* ID Verified.png in Resources */,
				DAD752371EADAA7D0018FA60 /* Assets.xcassets in Resources */,
				DA30D2EA1EB890F700D6ACAF /* iTunesArtwork@3x.png in Resources */,
				DA30D2E31EB890EA00D6ACAF /* Icon-Small-50x50@1x.png in Resources */,
				DA823FFB1EB97E2C00AB818C /* Conference Filled.png in Resources */,
				DA30D2DE1EB890EA00D6ACAF /* Icon-App-72x72@2x.png in Resources */,
				DA823FF91EB97E2C00AB818C /* ID Verified Filled.png in Resources */,
				DAFCD3501EB098060055DAD5 /* Fingerprint.png in Resources */,
				DA30D2E91EB890F700D6ACAF /* iTunesArtwork@2x.png in Resources */,
				DAD752351EADAA7D0018FA60 /* Main.storyboard in Resources */,
				DA30D2E11EB890EA00D6ACAF /* Icon-App-76x76@3x.png in Resources */,
				DA30D2D51EB890EA00D6ACAF /* Icon-App-40x40@1x.png in Resources */,
				DA30D2DF1EB890EA00D6ACAF /* Icon-App-76x76@1x.png in Resources */,
				DA30D2CF1EB890EA00D6ACAF /* Icon-App-20x20@1x.png in Resources */,
				DA30D2D71EB890EA00D6ACAF /* Icon-App-40x40@3x.png in Resources */,
				DA30D2D61EB890EA00D6ACAF /* Icon-App-40x40@2x.png in Resources */,
				DA30D2D21EB890EA00D6ACAF /* Icon-App-29x29@1x.png in Resources */,
				DA30D2E41EB890EA00D6ACAF /* Icon-Small-50x50@2x.png in Resources */,
			);
			runOnlyForDeploymentPostprocessing = 0;
		};
		DAD7523E1EADAA7D0018FA60 /* Resources */ = {
			isa = PBXResourcesBuildPhase;
			buildActionMask = 2147483647;
			files = (
			);
			runOnlyForDeploymentPostprocessing = 0;
		};
		DAD752491EADAA7D0018FA60 /* Resources */ = {
			isa = PBXResourcesBuildPhase;
			buildActionMask = 2147483647;
			files = (
			);
			runOnlyForDeploymentPostprocessing = 0;
		};
/* End PBXResourcesBuildPhase section */

/* Begin PBXSourcesBuildPhase section */
		DAD752261EADAA7C0018FA60 /* Sources */ = {
			isa = PBXSourcesBuildPhase;
			buildActionMask = 2147483647;
			files = (
				DAFCD34A1EB082390055DAD5 /* RegisterTableViewController.swift in Sources */,
				DA30D2B51EB8364200D6ACAF /* SettingTypeTableViewController.swift in Sources */,
				DAFCD3471EB081E00055DAD5 /* RegisterNavigationController.swift in Sources */,
				DAFCD34C1EB0838B0055DAD5 /* PersonRegistrationTableViewController.swift in Sources */,
				DA9403A71EB1F4ED00092DCC /* PersonListTableViewController.swift in Sources */,
				DA9403A91EB1F53500092DCC /* PersonListDetailViewController.swift in Sources */,
				DA30D2B11EB834E800D6ACAF /* SettingsNavigationController.swift in Sources */,
				DA30D2B31EB8350D00D6ACAF /* SettingsTableViewController.swift in Sources */,
				DA30D2B71EB8370D00D6ACAF /* SettingDetailsViewController.swift in Sources */,
				DAFCD3451EB073160055DAD5 /* LoginViewController.swift in Sources */,
				DA9403A51EB1F46100092DCC /* PersonListNavigationController.swift in Sources */,
				DAD7522E1EADAA7D0018FA60 /* AppDelegate.swift in Sources */,
			);
			runOnlyForDeploymentPostprocessing = 0;
		};
		DAD7523C1EADAA7D0018FA60 /* Sources */ = {
			isa = PBXSourcesBuildPhase;
			buildActionMask = 2147483647;
			files = (
				DAD752451EADAA7D0018FA60 /* FireWardenTests.swift in Sources */,
			);
			runOnlyForDeploymentPostprocessing = 0;
		};
		DAD752471EADAA7D0018FA60 /* Sources */ = {
			isa = PBXSourcesBuildPhase;
			buildActionMask = 2147483647;
			files = (
				DAD752501EADAA7D0018FA60 /* FireWardenUITests.swift in Sources */,
			);
			runOnlyForDeploymentPostprocessing = 0;
		};
/* End PBXSourcesBuildPhase section */

/* Begin PBXTargetDependency section */
		DAD752421EADAA7D0018FA60 /* PBXTargetDependency */ = {
			isa = PBXTargetDependency;
			target = DAD752291EADAA7C0018FA60 /* FireWarden */;
			targetProxy = DAD752411EADAA7D0018FA60 /* PBXContainerItemProxy */;
		};
		DAD7524D1EADAA7D0018FA60 /* PBXTargetDependency */ = {
			isa = PBXTargetDependency;
			target = DAD752291EADAA7C0018FA60 /* FireWarden */;
			targetProxy = DAD7524C1EADAA7D0018FA60 /* PBXContainerItemProxy */;
		};
/* End PBXTargetDependency section */

/* Begin PBXVariantGroup section */
		DAD752331EADAA7D0018FA60 /* Main.storyboard */ = {
			isa = PBXVariantGroup;
			children = (
				DAD752341EADAA7D0018FA60 /* Base */,
			);
			name = Main.storyboard;
			sourceTree = "<group>";
		};
		DAD752381EADAA7D0018FA60 /* LaunchScreen.storyboard */ = {
			isa = PBXVariantGroup;
			children = (
				DAD752391EADAA7D0018FA60 /* Base */,
			);
			name = LaunchScreen.storyboard;
			sourceTree = "<group>";
		};
/* End PBXVariantGroup section */

/* Begin XCBuildConfiguration section */
		DAD752521EADAA7D0018FA60 /* Debug */ = {
			isa = XCBuildConfiguration;
			buildSettings = {
				ALWAYS_SEARCH_USER_PATHS = NO;
				CLANG_ANALYZER_NONNULL = YES;
				CLANG_CXX_LANGUAGE_STANDARD = "gnu++0x";
				CLANG_CXX_LIBRARY = "libc++";
				CLANG_ENABLE_MODULES = YES;
				CLANG_ENABLE_OBJC_ARC = YES;
				CLANG_WARN_BOOL_CONVERSION = YES;
				CLANG_WARN_CONSTANT_CONVERSION = YES;
				CLANG_WARN_DIRECT_OBJC_ISA_USAGE = YES_ERROR;
				CLANG_WARN_DOCUMENTATION_COMMENTS = YES;
				CLANG_WARN_EMPTY_BODY = YES;
				CLANG_WARN_ENUM_CONVERSION = YES;
				CLANG_WARN_INFINITE_RECURSION = YES;
				CLANG_WARN_INT_CONVERSION = YES;
				CLANG_WARN_OBJC_ROOT_CLASS = YES_ERROR;
				CLANG_WARN_SUSPICIOUS_MOVE = YES;
				CLANG_WARN_UNREACHABLE_CODE = YES;
				CLANG_WARN__DUPLICATE_METHOD_MATCH = YES;
				"CODE_SIGN_IDENTITY[sdk=iphoneos*]" = "iPhone Developer";
				COPY_PHASE_STRIP = NO;
				DEBUG_INFORMATION_FORMAT = dwarf;
				ENABLE_STRICT_OBJC_MSGSEND = YES;
				ENABLE_TESTABILITY = YES;
				GCC_C_LANGUAGE_STANDARD = gnu99;
				GCC_DYNAMIC_NO_PIC = NO;
				GCC_NO_COMMON_BLOCKS = YES;
				GCC_OPTIMIZATION_LEVEL = 0;
				GCC_PREPROCESSOR_DEFINITIONS = (
					"DEBUG=1",
					"$(inherited)",
				);
				GCC_WARN_64_TO_32_BIT_CONVERSION = YES;
				GCC_WARN_ABOUT_RETURN_TYPE = YES_ERROR;
				GCC_WARN_UNDECLARED_SELECTOR = YES;
				GCC_WARN_UNINITIALIZED_AUTOS = YES_AGGRESSIVE;
				GCC_WARN_UNUSED_FUNCTION = YES;
				GCC_WARN_UNUSED_VARIABLE = YES;
				IPHONEOS_DEPLOYMENT_TARGET = 10.2;
				MTL_ENABLE_DEBUG_INFO = YES;
				ONLY_ACTIVE_ARCH = YES;
				SDKROOT = iphoneos;
				SWIFT_ACTIVE_COMPILATION_CONDITIONS = DEBUG;
				SWIFT_OPTIMIZATION_LEVEL = "-Onone";
				TARGETED_DEVICE_FAMILY = "1,2";
			};
			name = Debug;
		};
		DAD752531EADAA7D0018FA60 /* Release */ = {
			isa = XCBuildConfiguration;
			buildSettings = {
				ALWAYS_SEARCH_USER_PATHS = NO;
				CLANG_ANALYZER_NONNULL = YES;
				CLANG_CXX_LANGUAGE_STANDARD = "gnu++0x";
				CLANG_CXX_LIBRARY = "libc++";
				CLANG_ENABLE_MODULES = YES;
				CLANG_ENABLE_OBJC_ARC = YES;
				CLANG_WARN_BOOL_CONVERSION = YES;
				CLANG_WARN_CONSTANT_CONVERSION = YES;
				CLANG_WARN_DIRECT_OBJC_ISA_USAGE = YES_ERROR;
				CLANG_WARN_DOCUMENTATION_COMMENTS = YES;
				CLANG_WARN_EMPTY_BODY = YES;
				CLANG_WARN_ENUM_CONVERSION = YES;
				CLANG_WARN_INFINITE_RECURSION = YES;
				CLANG_WARN_INT_CONVERSION = YES;
				CLANG_WARN_OBJC_ROOT_CLASS = YES_ERROR;
				CLANG_WARN_SUSPICIOUS_MOVE = YES;
				CLANG_WARN_UNREACHABLE_CODE = YES;
				CLANG_WARN__DUPLICATE_METHOD_MATCH = YES;
				"CODE_SIGN_IDENTITY[sdk=iphoneos*]" = "iPhone Developer";
				COPY_PHASE_STRIP = NO;
				DEBUG_INFORMATION_FORMAT = "dwarf-with-dsym";
				ENABLE_NS_ASSERTIONS = NO;
				ENABLE_STRICT_OBJC_MSGSEND = YES;
				GCC_C_LANGUAGE_STANDARD = gnu99;
				GCC_NO_COMMON_BLOCKS = YES;
				GCC_WARN_64_TO_32_BIT_CONVERSION = YES;
				GCC_WARN_ABOUT_RETURN_TYPE = YES_ERROR;
				GCC_WARN_UNDECLARED_SELECTOR = YES;
				GCC_WARN_UNINITIALIZED_AUTOS = YES_AGGRESSIVE;
				GCC_WARN_UNUSED_FUNCTION = YES;
				GCC_WARN_UNUSED_VARIABLE = YES;
				IPHONEOS_DEPLOYMENT_TARGET = 10.2;
				MTL_ENABLE_DEBUG_INFO = NO;
				SDKROOT = iphoneos;
				SWIFT_OPTIMIZATION_LEVEL = "-Owholemodule";
				TARGETED_DEVICE_FAMILY = "1,2";
				VALIDATE_PRODUCT = YES;
			};
			name = Release;
		};
		DAD752551EADAA7D0018FA60 /* Debug */ = {
			isa = XCBuildConfiguration;
			buildSettings = {
				ASSETCATALOG_COMPILER_APPICON_NAME = AppIcon;
				DEVELOPMENT_TEAM = 6CGSY8527L;
				INFOPLIST_FILE = FireWarden/Info.plist;
				LD_RUNPATH_SEARCH_PATHS = "$(inherited) @executable_path/Frameworks";
				PRODUCT_BUNDLE_IDENTIFIER = PlanetKGames.FireWarden;
				PRODUCT_NAME = "$(TARGET_NAME)";
				SWIFT_VERSION = 3.0;
			};
			name = Debug;
		};
		DAD752561EADAA7D0018FA60 /* Release */ = {
			isa = XCBuildConfiguration;
			buildSettings = {
				ASSETCATALOG_COMPILER_APPICON_NAME = AppIcon;
				DEVELOPMENT_TEAM = 6CGSY8527L;
				INFOPLIST_FILE = FireWarden/Info.plist;
				LD_RUNPATH_SEARCH_PATHS = "$(inherited) @executable_path/Frameworks";
				PRODUCT_BUNDLE_IDENTIFIER = PlanetKGames.FireWarden;
				PRODUCT_NAME = "$(TARGET_NAME)";
				SWIFT_VERSION = 3.0;
			};
			name = Release;
		};
		DAD752581EADAA7D0018FA60 /* Debug */ = {
			isa = XCBuildConfiguration;
			buildSettings = {
				ALWAYS_EMBED_SWIFT_STANDARD_LIBRARIES = YES;
				BUNDLE_LOADER = "$(TEST_HOST)";
				DEVELOPMENT_TEAM = 6CGSY8527L;
				INFOPLIST_FILE = FireWardenTests/Info.plist;
				LD_RUNPATH_SEARCH_PATHS = "$(inherited) @executable_path/Frameworks @loader_path/Frameworks";
				PRODUCT_BUNDLE_IDENTIFIER = PlanetKGames.FireWardenTests;
				PRODUCT_NAME = "$(TARGET_NAME)";
				SWIFT_VERSION = 3.0;
				TEST_HOST = "$(BUILT_PRODUCTS_DIR)/FireWarden.app/FireWarden";
			};
			name = Debug;
		};
		DAD752591EADAA7D0018FA60 /* Release */ = {
			isa = XCBuildConfiguration;
			buildSettings = {
				ALWAYS_EMBED_SWIFT_STANDARD_LIBRARIES = YES;
				BUNDLE_LOADER = "$(TEST_HOST)";
				DEVELOPMENT_TEAM = 6CGSY8527L;
				INFOPLIST_FILE = FireWardenTests/Info.plist;
				LD_RUNPATH_SEARCH_PATHS = "$(inherited) @executable_path/Frameworks @loader_path/Frameworks";
				PRODUCT_BUNDLE_IDENTIFIER = PlanetKGames.FireWardenTests;
				PRODUCT_NAME = "$(TARGET_NAME)";
				SWIFT_VERSION = 3.0;
				TEST_HOST = "$(BUILT_PRODUCTS_DIR)/FireWarden.app/FireWarden";
			};
			name = Release;
		};
		DAD7525B1EADAA7D0018FA60 /* Debug */ = {
			isa = XCBuildConfiguration;
			buildSettings = {
				ALWAYS_EMBED_SWIFT_STANDARD_LIBRARIES = YES;
				DEVELOPMENT_TEAM = 6CGSY8527L;
				INFOPLIST_FILE = FireWardenUITests/Info.plist;
				LD_RUNPATH_SEARCH_PATHS = "$(inherited) @executable_path/Frameworks @loader_path/Frameworks";
				PRODUCT_BUNDLE_IDENTIFIER = PlanetKGames.FireWardenUITests;
				PRODUCT_NAME = "$(TARGET_NAME)";
				SWIFT_VERSION = 3.0;
				TEST_TARGET_NAME = FireWarden;
			};
			name = Debug;
		};
		DAD7525C1EADAA7D0018FA60 /* Release */ = {
			isa = XCBuildConfiguration;
			buildSettings = {
				ALWAYS_EMBED_SWIFT_STANDARD_LIBRARIES = YES;
				DEVELOPMENT_TEAM = 6CGSY8527L;
				INFOPLIST_FILE = FireWardenUITests/Info.plist;
				LD_RUNPATH_SEARCH_PATHS = "$(inherited) @executable_path/Frameworks @loader_path/Frameworks";
				PRODUCT_BUNDLE_IDENTIFIER = PlanetKGames.FireWardenUITests;
				PRODUCT_NAME = "$(TARGET_NAME)";
				SWIFT_VERSION = 3.0;
				TEST_TARGET_NAME = FireWarden;
			};
			name = Release;
		};
/* End XCBuildConfiguration section */

/* Begin XCConfigurationList section */
		DAD752251EADAA7C0018FA60 /* Build configuration list for PBXProject "FireWarden" */ = {
			isa = XCConfigurationList;
			buildConfigurations = (
				DAD752521EADAA7D0018FA60 /* Debug */,
				DAD752531EADAA7D0018FA60 /* Release */,
			);
			defaultConfigurationIsVisible = 0;
			defaultConfigurationName = Release;
		};
		DAD752541EADAA7D0018FA60 /* Build configuration list for PBXNativeTarget "FireWarden" */ = {
			isa = XCConfigurationList;
			buildConfigurations = (
				DAD752551EADAA7D0018FA60 /* Debug */,
				DAD752561EADAA7D0018FA60 /* Release */,
			);
			defaultConfigurationIsVisible = 0;
			defaultConfigurationName = Release;
		};
		DAD752571EADAA7D0018FA60 /* Build configuration list for PBXNativeTarget "FireWardenTests" */ = {
			isa = XCConfigurationList;
			buildConfigurations = (
				DAD752581EADAA7D0018FA60 /* Debug */,
				DAD752591EADAA7D0018FA60 /* Release */,
			);
			defaultConfigurationIsVisible = 0;
			defaultConfigurationName = Release;
		};
		DAD7525A1EADAA7D0018FA60 /* Build configuration list for PBXNativeTarget "FireWardenUITests" */ = {
			isa = XCConfigurationList;
			buildConfigurations = (
				DAD7525B1EADAA7D0018FA60 /* Debug */,
				DAD7525C1EADAA7D0018FA60 /* Release */,
			);
			defaultConfigurationIsVisible = 0;
			defaultConfigurationName = Release;
		};
/* End XCConfigurationList section */
	};
	rootObject = DAD752221EADAA7C0018FA60 /* Project object */;
}
